
Microsoft Visual Studio Solution File, Format Version 12.00
# Visual Studio Version 17
VisualStudioVersion = 17.7.34024.191
MinimumVisualStudioVersion = 10.0.40219.1
Project("{FAE04EC0-301F-11D3-BF4B-00C04F79EFBC}") = "TestJwt", "TestJwt\TestJwt.csproj", "{16E40BB0-2171-4722-9A01-9FE360F2D341}"
EndProject
Global
	GlobalSection(SolutionConfigurationPlatforms) = preSolution
		Debug|Any CPU = Debug|Any CPU
		Release|Any CPU = Release|Any CPU
	EndGlobalSection
	GlobalSection(ProjectConfigurationPlatforms) = postSolution
		{16E40BB0-2171-4722-9A01-9FE360F2D341}.Debug|Any CPU.ActiveCfg = Debug|Any CPU
		{16E40BB0-2171-4722-9A01-9FE360F2D341}.Debug|Any CPU.Build.0 = Debug|Any CPU
		{16E40BB0-2171-4722-9A01-9FE360F2D341}.Release|Any CPU.ActiveCfg = Release|Any CPU
		{16E40BB0-2171-4722-9A01-9FE360F2D341}.Release|Any CPU.Build.0 = Release|Any CPU
	EndGlobalSection
	GlobalSection(SolutionProperties) = preSolution
		HideSolutionNode = FALSE
	EndGlobalSection
	GlobalSection(ExtensibilityGlobals) = postSolution
		SolutionGuid = {EA96B166-1ADD-49C2-AB96-8BFFEE536815}
	EndGlobalSection
EndGlobal
